
Microsoft Visual Studio Solution File, Format Version 12.00
# Visual Studio Version 16
VisualStudioVersion = 16.0.29201.188
MinimumVisualStudioVersion = 10.0.40219.1
Project("{FAE04EC0-301F-11D3-BF4B-00C04F79EFBC}") = "CoProcess", "CoProcess.csproj", "{A7550494-6A2A-4393-83B9-DC68192242AC}"
EndProject
Project("{FAE04EC0-301F-11D3-BF4B-00C04F79EFBC}") = "CoProcessWebApi", "CoProcessWebApi\CoProcessWebApi.csproj", "{A19B73CC-D407-4841-8864-02C9623BAD1F}"
EndProject
Global
	GlobalSection(SolutionConfigurationPlatforms) = preSolution
		Debug|Any CPU = Debug|Any CPU
		Release|Any CPU = Release|Any CPU
	EndGlobalSection
	GlobalSection(ProjectConfigurationPlatforms) = postSolution
		{A7550494-6A2A-4393-83B9-DC68192242AC}.Debug|Any CPU.ActiveCfg = Debug|Any CPU
		{A7550494-6A2A-4393-83B9-DC68192242AC}.Debug|Any CPU.Build.0 = Debug|Any CPU
		{A7550494-6A2A-4393-83B9-DC68192242AC}.Release|Any CPU.ActiveCfg = Release|Any CPU
		{A7550494-6A2A-4393-83B9-DC68192242AC}.Release|Any CPU.Build.0 = Release|Any CPU
		{A19B73CC-D407-4841-8864-02C9623BAD1F}.Debug|Any CPU.ActiveCfg = Debug|Any CPU
		{A19B73CC-D407-4841-8864-02C9623BAD1F}.Debug|Any CPU.Build.0 = Debug|Any CPU
		{A19B73CC-D407-4841-8864-02C9623BAD1F}.Release|Any CPU.ActiveCfg = Release|Any CPU
		{A19B73CC-D407-4841-8864-02C9623BAD1F}.Release|Any CPU.Build.0 = Release|Any CPU
	EndGlobalSection
	GlobalSection(SolutionProperties) = preSolution
		HideSolutionNode = FALSE
	EndGlobalSection
	GlobalSection(ExtensibilityGlobals) = postSolution
		SolutionGuid = {4E351609-C6EF-4939-AA26-9FB4C29B406C}
	EndGlobalSection
EndGlobal
